
Microsoft Visual Studio Solution File, Format Version 12.00
# Visual Studio 15
VisualStudioVersion = 15.0.27703.2000
MinimumVisualStudioVersion = 10.0.40219.1
Project("{8BC9CEB8-8B4A-11D0-8D11-00A0C91BC942}") = "03_VerketteteListen", "03_VerketteteListen\03_VerketteteListen.vcxproj", "{C2082D71-6A17-4B34-8459-E0D948E76A40}"
EndProject
Project("{8BC9CEB8-8B4A-11D0-8D11-00A0C91BC942}") = "03_1_RohdatenAusEinerDateiEinlesen", "03_1_RohdatenAusEinerDateiEinlesen\03_1_RohdatenAusEinerDateiEinlesen.vcxproj", "{2BFD4165-9AB0-4489-96F5-9AF00FA03505}"
EndProject
Global
	GlobalSection(SolutionConfigurationPlatforms) = preSolution
		Debug|x64 = Debug|x64
		Debug|x86 = Debug|x86
		Release|x64 = Release|x64
		Release|x86 = Release|x86
	EndGlobalSection
	GlobalSection(ProjectConfigurationPlatforms) = postSolution
		{C2082D71-6A17-4B34-8459-E0D948E76A40}.Debug|x64.ActiveCfg = Debug|x64
		{C2082D71-6A17-4B34-8459-E0D948E76A40}.Debug|x64.Build.0 = Debug|x64
		{C2082D71-6A17-4B34-8459-E0D948E76A40}.Debug|x86.ActiveCfg = Debug|Win32
		{C2082D71-6A17-4B34-8459-E0D948E76A40}.Debug|x86.Build.0 = Debug|Win32
		{C2082D71-6A17-4B34-8459-E0D948E76A40}.Release|x64.ActiveCfg = Release|x64
		{C2082D71-6A17-4B34-8459-E0D948E76A40}.Release|x64.Build.0 = Release|x64
		{C2082D71-6A17-4B34-8459-E0D948E76A40}.Release|x86.ActiveCfg = Release|Win32
		{C2082D71-6A17-4B34-8459-E0D948E76A40}.Release|x86.Build.0 = Release|Win32
		{2BFD4165-9AB0-4489-96F5-9AF00FA03505}.Debug|x64.ActiveCfg = Debug|x64
		{2BFD4165-9AB0-4489-96F5-9AF00FA03505}.Debug|x64.Build.0 = Debug|x64
		{2BFD4165-9AB0-4489-96F5-9AF00FA03505}.Debug|x86.ActiveCfg = Debug|Win32
		{2BFD4165-9AB0-4489-96F5-9AF00FA03505}.Debug|x86.Build.0 = Debug|Win32
		{2BFD4165-9AB0-4489-96F5-9AF00FA03505}.Release|x64.ActiveCfg = Release|x64
		{2BFD4165-9AB0-4489-96F5-9AF00FA03505}.Release|x64.Build.0 = Release|x64
		{2BFD4165-9AB0-4489-96F5-9AF00FA03505}.Release|x86.ActiveCfg = Release|Win32
		{2BFD4165-9AB0-4489-96F5-9AF00FA03505}.Release|x86.Build.0 = Release|Win32
	EndGlobalSection
	GlobalSection(SolutionProperties) = preSolution
		HideSolutionNode = FALSE
	EndGlobalSection
	GlobalSection(ExtensibilityGlobals) = postSolution
		SolutionGuid = {45262741-AF85-40B2-9340-8613621A53C1}
	EndGlobalSection
EndGlobal
